// !$*UTF8*$!
{
	archiveVersion = 1;
	classes = {
	};
	objectVersion = 46;
	objects = {

/* Begin PBXBuildFile section */
		EA00F4A61A6AB89100FA506C /* FlickrFetcher.m in Sources */ = {isa = PBXBuildFile; fileRef = EA00F4A51A6AB89100FA506C /* FlickrFetcher.m */; };
		EA00F4A91A6ACEA900FA506C /* ImageViewController.m in Sources */ = {isa = PBXBuildFile; fileRef = EA00F4A81A6ACEA900FA506C /* ImageViewController.m */; };
		EA3193441A6602870049DD11 /* main.m in Sources */ = {isa = PBXBuildFile; fileRef = EA3193431A6602870049DD11 /* main.m */; };
		EA3193471A6602870049DD11 /* AppDelegate.m in Sources */ = {isa = PBXBuildFile; fileRef = EA3193461A6602870049DD11 /* AppDelegate.m */; };
		EA31934A1A6602870049DD11 /* ViewController.m in Sources */ = {isa = PBXBuildFile; fileRef = EA3193491A6602870049DD11 /* ViewController.m */; };
		EA31934D1A6602870049DD11 /* Main.storyboard in Resources */ = {isa = PBXBuildFile; fileRef = EA31934B1A6602870049DD11 /* Main.storyboard */; };
		EA31934F1A6602870049DD11 /* Images.xcassets in Resources */ = {isa = PBXBuildFile; fileRef = EA31934E1A6602870049DD11 /* Images.xcassets */; };
		EA3193521A6602870049DD11 /* LaunchScreen.xib in Resources */ = {isa = PBXBuildFile; fileRef = EA3193501A6602870049DD11 /* LaunchScreen.xib */; };
		EA31935E1A6602870049DD11 /* ios7_v11_TableviewTests.m in Sources */ = {isa = PBXBuildFile; fileRef = EA31935D1A6602870049DD11 /* ios7_v11_TableviewTests.m */; };
		EA3193691A6605A70049DD11 /* FlickrPhotosTVC.m in Sources */ = {isa = PBXBuildFile; fileRef = EA3193681A6605A70049DD11 /* FlickrPhotosTVC.m */; };
		EA47EA621A6AB20F006C4643 /* JustPostedFlickrPhotosTVC.m in Sources */ = {isa = PBXBuildFile; fileRef = EA47EA611A6AB20F006C4643 /* JustPostedFlickrPhotosTVC.m */; };
		EAE61BCE1A6800F7007EE720 /* MainIpad.storyboard in Resources */ = {isa = PBXBuildFile; fileRef = EAE61BCD1A6800F7007EE720 /* MainIpad.storyboard */; };
/* End PBXBuildFile section */

/* Begin PBXContainerItemProxy section */
		EA3193581A6602870049DD11 /* PBXContainerItemProxy */ = {
			isa = PBXContainerItemProxy;
			containerPortal = EA3193361A6602870049DD11 /* Project object */;
			proxyType = 1;
			remoteGlobalIDString = EA31933D1A6602870049DD11;
			remoteInfo = "ios7-v11-Tableview";
		};
/* End PBXContainerItemProxy section */

/* Begin PBXFileReference section */
		EA00F4A31A6AB89100FA506C /* FlickrAPIKey.h */ = {isa = PBXFileReference; fileEncoding = 4; lastKnownFileType = sourcecode.c.h; path = FlickrAPIKey.h; sourceTree = "<group>"; };
		EA00F4A41A6AB89100FA506C /* FlickrFetcher.h */ = {isa = PBXFileReference; fileEncoding = 4; lastKnownFileType = sourcecode.c.h; path = FlickrFetcher.h; sourceTree = "<group>"; };
		EA00F4A51A6AB89100FA506C /* FlickrFetcher.m */ = {isa = PBXFileReference; fileEncoding = 4; lastKnownFileType = sourcecode.c.objc; path = FlickrFetcher.m; sourceTree = "<group>"; };
		EA00F4A71A6ACEA900FA506C /* ImageViewController.h */ = {isa = PBXFileReference; fileEncoding = 4; lastKnownFileType = sourcecode.c.h; path = ImageViewController.h; sourceTree = "<group>"; };
		EA00F4A81A6ACEA900FA506C /* ImageViewController.m */ = {isa = PBXFileReference; fileEncoding = 4; lastKnownFileType = sourcecode.c.objc; path = ImageViewController.m; sourceTree = "<group>"; };
		EA31933E1A6602870049DD11 /* ios7-v11-Tableview.app */ = {isa = PBXFileReference; explicitFileType = wrapper.application; includeInIndex = 0; path = "ios7-v11-Tableview.app"; sourceTree = BUILT_PRODUCTS_DIR; };
		EA3193421A6602870049DD11 /* Info.plist */ = {isa = PBXFileReference; lastKnownFileType = text.plist.xml; path = Info.plist; sourceTree = "<group>"; };
		EA3193431A6602870049DD11 /* main.m */ = {isa = PBXFileReference; lastKnownFileType = sourcecode.c.objc; path = main.m; sourceTree = "<group>"; };
		EA3193451A6602870049DD11 /* AppDelegate.h */ = {isa = PBXFileReference; lastKnownFileType = sourcecode.c.h; path = AppDelegate.h; sourceTree = "<group>"; };
		EA3193461A6602870049DD11 /* AppDelegate.m */ = {isa = PBXFileReference; lastKnownFileType = sourcecode.c.objc; path = AppDelegate.m; sourceTree = "<group>"; };
		EA3193481A6602870049DD11 /* ViewController.h */ = {isa = PBXFileReference; lastKnownFileType = sourcecode.c.h; path = ViewController.h; sourceTree = "<group>"; };
		EA3193491A6602870049DD11 /* ViewController.m */ = {isa = PBXFileReference; lastKnownFileType = sourcecode.c.objc; path = ViewController.m; sourceTree = "<group>"; };
		EA31934C1A6602870049DD11 /* Base */ = {isa = PBXFileReference; lastKnownFileType = file.storyboard; name = Base; path = Base.lproj/Main.storyboard; sourceTree = "<group>"; };
		EA31934E1A6602870049DD11 /* Images.xcassets */ = {isa = PBXFileReference; lastKnownFileType = folder.assetcatalog; path = Images.xcassets; sourceTree = "<group>"; };
		EA3193511A6602870049DD11 /* Base */ = {isa = PBXFileReference; lastKnownFileType = file.xib; name = Base; path = Base.lproj/LaunchScreen.xib; sourceTree = "<group>"; };
		EA3193571A6602870049DD11 /* ios7-v11-TableviewTests.xctest */ = {isa = PBXFileReference; explicitFileType = wrapper.cfbundle; includeInIndex = 0; path = "ios7-v11-TableviewTests.xctest"; sourceTree = BUILT_PRODUCTS_DIR; };
		EA31935C1A6602870049DD11 /* Info.plist */ = {isa = PBXFileReference; lastKnownFileType = text.plist.xml; path = Info.plist; sourceTree = "<group>"; };
		EA31935D1A6602870049DD11 /* ios7_v11_TableviewTests.m */ = {isa = PBXFileReference; lastKnownFileType = sourcecode.c.objc; path = ios7_v11_TableviewTests.m; sourceTree = "<group>"; };
		EA3193671A6605A70049DD11 /* FlickrPhotosTVC.h */ = {isa = PBXFileReference; fileEncoding = 4; lastKnownFileType = sourcecode.c.h; path = FlickrPhotosTVC.h; sourceTree = "<group>"; };
		EA3193681A6605A70049DD11 /* FlickrPhotosTVC.m */ = {isa = PBXFileReference; fileEncoding = 4; lastKnownFileType = sourcecode.c.objc; path = FlickrPhotosTVC.m; sourceTree = "<group>"; };
		EA47EA601A6AB20F006C4643 /* JustPostedFlickrPhotosTVC.h */ = {isa = PBXFileReference; fileEncoding = 4; lastKnownFileType = sourcecode.c.h; path = JustPostedFlickrPhotosTVC.h; sourceTree = "<group>"; };
		EA47EA611A6AB20F006C4643 /* JustPostedFlickrPhotosTVC.m */ = {isa = PBXFileReference; fileEncoding = 4; lastKnownFileType = sourcecode.c.objc; path = JustPostedFlickrPhotosTVC.m; sourceTree = "<group>"; };
		EAE61BCD1A6800F7007EE720 /* MainIpad.storyboard */ = {isa = PBXFileReference; fileEncoding = 4; lastKnownFileType = file.storyboard; path = MainIpad.storyboard; sourceTree = "<group>"; };
/* End PBXFileReference section */

/* Begin PBXFrameworksBuildPhase section */
		EA31933B1A6602870049DD11 /* Frameworks */ = {
			isa = PBXFrameworksBuildPhase;
			buildActionMask = 2147483647;
			files = (
			);
			runOnlyForDeploymentPostprocessing = 0;
		};
		EA3193541A6602870049DD11 /* Frameworks */ = {
			isa = PBXFrameworksBuildPhase;
			buildActionMask = 2147483647;
			files = (
			);
			runOnlyForDeploymentPostprocessing = 0;
		};
/* End PBXFrameworksBuildPhase section */

/* Begin PBXGroup section */
		EA00F4A21A6AB89100FA506C /* Flickr Fetcher */ = {
			isa = PBXGroup;
			children = (
				EA00F4A31A6AB89100FA506C /* FlickrAPIKey.h */,
				EA00F4A41A6AB89100FA506C /* FlickrFetcher.h */,
				EA00F4A51A6AB89100FA506C /* FlickrFetcher.m */,
			);
			path = "Flickr Fetcher";
			sourceTree = "<group>";
		};
		EA3193351A6602870049DD11 = {
			isa = PBXGroup;
			children = (
				EA3193401A6602870049DD11 /* ios7-v11-Tableview */,
				EA31935A1A6602870049DD11 /* ios7-v11-TableviewTests */,
				EA31933F1A6602870049DD11 /* Products */,
			);
			sourceTree = "<group>";
		};
		EA31933F1A6602870049DD11 /* Products */ = {
			isa = PBXGroup;
			children = (
				EA31933E1A6602870049DD11 /* ios7-v11-Tableview.app */,
				EA3193571A6602870049DD11 /* ios7-v11-TableviewTests.xctest */,
			);
			name = Products;
			sourceTree = "<group>";
		};
		EA3193401A6602870049DD11 /* ios7-v11-Tableview */ = {
			isa = PBXGroup;
			children = (
				EA00F4A71A6ACEA900FA506C /* ImageViewController.h */,
				EA00F4A81A6ACEA900FA506C /* ImageViewController.m */,
				EA00F4A21A6AB89100FA506C /* Flickr Fetcher */,
				EA3193671A6605A70049DD11 /* FlickrPhotosTVC.h */,
				EA3193681A6605A70049DD11 /* FlickrPhotosTVC.m */,
				EA47EA601A6AB20F006C4643 /* JustPostedFlickrPhotosTVC.h */,
				EA47EA611A6AB20F006C4643 /* JustPostedFlickrPhotosTVC.m */,
				EA3193481A6602870049DD11 /* ViewController.h */,
				EA3193491A6602870049DD11 /* ViewController.m */,
				EA31934B1A6602870049DD11 /* Main.storyboard */,
				EAE61BCD1A6800F7007EE720 /* MainIpad.storyboard */,
				EA31934E1A6602870049DD11 /* Images.xcassets */,
				EA3193501A6602870049DD11 /* LaunchScreen.xib */,
				EA3193411A6602870049DD11 /* Supporting Files */,
			);
			path = "ios7-v11-Tableview";
			sourceTree = "<group>";
		};
		EA3193411A6602870049DD11 /* Supporting Files */ = {
			isa = PBXGroup;
			children = (
				EA3193451A6602870049DD11 /* AppDelegate.h */,
				EA3193461A6602870049DD11 /* AppDelegate.m */,
				EA3193421A6602870049DD11 /* Info.plist */,
				EA3193431A6602870049DD11 /* main.m */,
			);
			name = "Supporting Files";
			sourceTree = "<group>";
		};
		EA31935A1A6602870049DD11 /* ios7-v11-TableviewTests */ = {
			isa = PBXGroup;
			children = (
				EA31935D1A6602870049DD11 /* ios7_v11_TableviewTests.m */,
				EA31935B1A6602870049DD11 /* Supporting Files */,
			);
			path = "ios7-v11-TableviewTests";
			sourceTree = "<group>";
		};
		EA31935B1A6602870049DD11 /* Supporting Files */ = {
			isa = PBXGroup;
			children = (
				EA31935C1A6602870049DD11 /* Info.plist */,
			);
			name = "Supporting Files";
			sourceTree = "<group>";
		};
/* End PBXGroup section */

/* Begin PBXNativeTarget section */
		EA31933D1A6602870049DD11 /* ios7-v11-Tableview */ = {
			isa = PBXNativeTarget;
			buildConfigurationList = EA3193611A6602870049DD11 /* Build configuration list for PBXNativeTarget "ios7-v11-Tableview" */;
			buildPhases = (
				EA31933A1A6602870049DD11 /* Sources */,
				EA31933B1A6602870049DD11 /* Frameworks */,
				EA31933C1A6602870049DD11 /* Resources */,
			);
			buildRules = (
			);
			dependencies = (
			);
			name = "ios7-v11-Tableview";
			productName = "ios7-v11-Tableview";
			productReference = EA31933E1A6602870049DD11 /* ios7-v11-Tableview.app */;
			productType = "com.apple.product-type.application";
		};
		EA3193561A6602870049DD11 /* ios7-v11-TableviewTests */ = {
			isa = PBXNativeTarget;
			buildConfigurationList = EA3193641A6602870049DD11 /* Build configuration list for PBXNativeTarget "ios7-v11-TableviewTests" */;
			buildPhases = (
				EA3193531A6602870049DD11 /* Sources */,
				EA3193541A6602870049DD11 /* Frameworks */,
				EA3193551A6602870049DD11 /* Resources */,
			);
			buildRules = (
			);
			dependencies = (
				EA3193591A6602870049DD11 /* PBXTargetDependency */,
			);
			name = "ios7-v11-TableviewTests";
			productName = "ios7-v11-TableviewTests";
			productReference = EA3193571A6602870049DD11 /* ios7-v11-TableviewTests.xctest */;
			productType = "com.apple.product-type.bundle.unit-test";
		};
/* End PBXNativeTarget section */

/* Begin PBXProject section */
		EA3193361A6602870049DD11 /* Project object */ = {
			isa = PBXProject;
			attributes = {
				LastUpgradeCheck = 0610;
				ORGANIZATIONNAME = "Kwan Castle";
				TargetAttributes = {
					EA31933D1A6602870049DD11 = {
						CreatedOnToolsVersion = 6.1.1;
					};
					EA3193561A6602870049DD11 = {
						CreatedOnToolsVersion = 6.1.1;
						TestTargetID = EA31933D1A6602870049DD11;
					};
				};
			};
			buildConfigurationList = EA3193391A6602870049DD11 /* Build configuration list for PBXProject "ios7-v11-Tableview" */;
			compatibilityVersion = "Xcode 3.2";
			developmentRegion = English;
			hasScannedForEncodings = 0;
			knownRegions = (
				en,
				Base,
			);
			mainGroup = EA3193351A6602870049DD11;
			productRefGroup = EA31933F1A6602870049DD11 /* Products */;
			projectDirPath = "";
			projectRoot = "";
			targets = (
				EA31933D1A6602870049DD11 /* ios7-v11-Tableview */,
				EA3193561A6602870049DD11 /* ios7-v11-TableviewTests */,
			);
		};
/* End PBXProject section */

/* Begin PBXResourcesBuildPhase section */
		EA31933C1A6602870049DD11 /* Resources */ = {
			isa = PBXResourcesBuildPhase;
			buildActionMask = 2147483647;
			files = (
				EA31934D1A6602870049DD11 /* Main.storyboard in Resources */,
				EAE61BCE1A6800F7007EE720 /* MainIpad.storyboard in Resources */,
				EA3193521A6602870049DD11 /* LaunchScreen.xib in Resources */,
				EA31934F1A6602870049DD11 /* Images.xcassets in Resources */,
			);
			runOnlyForDeploymentPostprocessing = 0;
		};
		EA3193551A6602870049DD11 /* Resources */ = {
			isa = PBXResourcesBuildPhase;
			buildActionMask = 2147483647;
			files = (
			);
			runOnlyForDeploymentPostprocessing = 0;
		};
/* End PBXResourcesBuildPhase section */

/* Begin PBXSourcesBuildPhase section */
		EA31933A1A6602870049DD11 /* Sources */ = {
			isa = PBXSourcesBuildPhase;
			buildActionMask = 2147483647;
			files = (
				EA47EA621A6AB20F006C4643 /* JustPostedFlickrPhotosTVC.m in Sources */,
				EA31934A1A6602870049DD11 /* ViewController.m in Sources */,
				EA3193471A6602870049DD11 /* AppDelegate.m in Sources */,
				EA3193441A6602870049DD11 /* main.m in Sources */,
				EA00F4A61A6AB89100FA506C /* FlickrFetcher.m in Sources */,
				EA00F4A91A6ACEA900FA506C /* ImageViewController.m in Sources */,
				EA3193691A6605A70049DD11 /* FlickrPhotosTVC.m in Sources */,
			);
			runOnlyForDeploymentPostprocessing = 0;
		};
		EA3193531A6602870049DD11 /* Sources */ = {
			isa = PBXSourcesBuildPhase;
			buildActionMask = 2147483647;
			files = (
				EA31935E1A6602870049DD11 /* ios7_v11_TableviewTests.m in Sources */,
			);
			runOnlyForDeploymentPostprocessing = 0;
		};
/* End PBXSourcesBuildPhase section */

/* Begin PBXTargetDependency section */
		EA3193591A6602870049DD11 /* PBXTargetDependency */ = {
			isa = PBXTargetDependency;
			target = EA31933D1A6602870049DD11 /* ios7-v11-Tableview */;
			targetProxy = EA3193581A6602870049DD11 /* PBXContainerItemProxy */;
		};
/* End PBXTargetDependency section */

/* Begin PBXVariantGroup section */
		EA31934B1A6602870049DD11 /* Main.storyboard */ = {
			isa = PBXVariantGroup;
			children = (
				EA31934C1A6602870049DD11 /* Base */,
			);
			name = Main.storyboard;
			sourceTree = "<group>";
		};
		EA3193501A6602870049DD11 /* LaunchScreen.xib */ = {
			isa = PBXVariantGroup;
			children = (
				EA3193511A6602870049DD11 /* Base */,
			);
			name = LaunchScreen.xib;
			sourceTree = "<group>";
		};
/* End PBXVariantGroup section */

/* Begin XCBuildConfiguration section */
		EA31935F1A6602870049DD11 /* Debug */ = {
			isa = XCBuildConfiguration;
			buildSettings = {
				ALWAYS_SEARCH_USER_PATHS = NO;
				CLANG_CXX_LANGUAGE_STANDARD = "gnu++0x";
				CLANG_CXX_LIBRARY = "libc++";
				CLANG_ENABLE_MODULES = YES;
				CLANG_ENABLE_OBJC_ARC = YES;
				CLANG_WARN_BOOL_CONVERSION = YES;
				CLANG_WARN_CONSTANT_CONVERSION = YES;
				CLANG_WARN_DIRECT_OBJC_ISA_USAGE = YES_ERROR;
				CLANG_WARN_EMPTY_BODY = YES;
				CLANG_WARN_ENUM_CONVERSION = YES;
				CLANG_WARN_INT_CONVERSION = YES;
				CLANG_WARN_OBJC_ROOT_CLASS = YES_ERROR;
				CLANG_WARN_UNREACHABLE_CODE = YES;
				CLANG_WARN__DUPLICATE_METHOD_MATCH = YES;
				"CODE_SIGN_IDENTITY[sdk=iphoneos*]" = "iPhone Developer";
				COPY_PHASE_STRIP = NO;
				ENABLE_STRICT_OBJC_MSGSEND = YES;
				GCC_C_LANGUAGE_STANDARD = gnu99;
				GCC_DYNAMIC_NO_PIC = NO;
				GCC_OPTIMIZATION_LEVEL = 0;
				GCC_PREPROCESSOR_DEFINITIONS = (
					"DEBUG=1",
					"$(inherited)",
				);
				GCC_SYMBOLS_PRIVATE_EXTERN = NO;
				GCC_WARN_64_TO_32_BIT_CONVERSION = YES;
				GCC_WARN_ABOUT_RETURN_TYPE = YES_ERROR;
				GCC_WARN_UNDECLARED_SELECTOR = YES;
				GCC_WARN_UNINITIALIZED_AUTOS = YES_AGGRESSIVE;
				GCC_WARN_UNUSED_FUNCTION = YES;
				GCC_WARN_UNUSED_VARIABLE = YES;
				IPHONEOS_DEPLOYMENT_TARGET = 8.1;
				MTL_ENABLE_DEBUG_INFO = YES;
				ONLY_ACTIVE_ARCH = YES;
				SDKROOT = iphoneos;
			};
			name = Debug;
		};
		EA3193601A6602870049DD11 /* Release */ = {
			isa = XCBuildConfiguration;
			buildSettings = {
				ALWAYS_SEARCH_USER_PATHS = NO;
				CLANG_CXX_LANGUAGE_STANDARD = "gnu++0x";
				CLANG_CXX_LIBRARY = "libc++";
				CLANG_ENABLE_MODULES = YES;
				CLANG_ENABLE_OBJC_ARC = YES;
				CLANG_WARN_BOOL_CONVERSION = YES;
				CLANG_WARN_CONSTANT_CONVERSION = YES;
				CLANG_WARN_DIRECT_OBJC_ISA_USAGE = YES_ERROR;
				CLANG_WARN_EMPTY_BODY = YES;
				CLANG_WARN_ENUM_CONVERSION = YES;
				CLANG_WARN_INT_CONVERSION = YES;
				CLANG_WARN_OBJC_ROOT_CLASS = YES_ERROR;
				CLANG_WARN_UNREACHABLE_CODE = YES;
				CLANG_WARN__DUPLICATE_METHOD_MATCH = YES;
				"CODE_SIGN_IDENTITY[sdk=iphoneos*]" = "iPhone Developer";
				COPY_PHASE_STRIP = YES;
				ENABLE_NS_ASSERTIONS = NO;
				ENABLE_STRICT_OBJC_MSGSEND = YES;
				GCC_C_LANGUAGE_STANDARD = gnu99;
				GCC_WARN_64_TO_32_BIT_CONVERSION = YES;
				GCC_WARN_ABOUT_RETURN_TYPE = YES_ERROR;
				GCC_WARN_UNDECLARED_SELECTOR = YES;
				GCC_WARN_UNINITIALIZED_AUTOS = YES_AGGRESSIVE;
				GCC_WARN_UNUSED_FUNCTION = YES;
				GCC_WARN_UNUSED_VARIABLE = YES;
				IPHONEOS_DEPLOYMENT_TARGET = 8.1;
				MTL_ENABLE_DEBUG_INFO = NO;
				SDKROOT = iphoneos;
				VALIDATE_PRODUCT = YES;
			};
			name = Release;
		};
		EA3193621A6602870049DD11 /* Debug */ = {
			isa = XCBuildConfiguration;
			buildSettings = {
				ASSETCATALOG_COMPILER_APPICON_NAME = AppIcon;
				INFOPLIST_FILE = "ios7-v11-Tableview/Info.plist";
				LD_RUNPATH_SEARCH_PATHS = "$(inherited) @executable_path/Frameworks";
				PRODUCT_NAME = "$(TARGET_NAME)";
				TARGETED_DEVICE_FAMILY = "1,2";
			};
			name = Debug;
		};
		EA3193631A6602870049DD11 /* Release */ = {
			isa = XCBuildConfiguration;
			buildSettings = {
				ASSETCATALOG_COMPILER_APPICON_NAME = AppIcon;
				INFOPLIST_FILE = "ios7-v11-Tableview/Info.plist";
				LD_RUNPATH_SEARCH_PATHS = "$(inherited) @executable_path/Frameworks";
				PRODUCT_NAME = "$(TARGET_NAME)";
				TARGETED_DEVICE_FAMILY = "1,2";
			};
			name = Release;
		};
		EA3193651A6602870049DD11 /* Debug */ = {
			isa = XCBuildConfiguration;
			buildSettings = {
				BUNDLE_LOADER = "$(TEST_HOST)";
				FRAMEWORK_SEARCH_PATHS = (
					"$(SDKROOT)/Developer/Library/Frameworks",
					"$(inherited)",
				);
				GCC_PREPROCESSOR_DEFINITIONS = (
					"DEBUG=1",
					"$(inherited)",
				);
				INFOPLIST_FILE = "ios7-v11-TableviewTests/Info.plist";
				LD_RUNPATH_SEARCH_PATHS = "$(inherited) @executable_path/Frameworks @loader_path/Frameworks";
				PRODUCT_NAME = "$(TARGET_NAME)";
				TEST_HOST = "$(BUILT_PRODUCTS_DIR)/ios7-v11-Tableview.app/ios7-v11-Tableview";
			};
			name = Debug;
		};
		EA3193661A6602870049DD11 /* Release */ = {
			isa = XCBuildConfiguration;
			buildSettings = {
				BUNDLE_LOADER = "$(TEST_HOST)";
				FRAMEWORK_SEARCH_PATHS = (
					"$(SDKROOT)/Developer/Library/Frameworks",
					"$(inherited)",
				);
				INFOPLIST_FILE = "ios7-v11-TableviewTests/Info.plist";
				LD_RUNPATH_SEARCH_PATHS = "$(inherited) @executable_path/Frameworks @loader_path/Frameworks";
				PRODUCT_NAME = "$(TARGET_NAME)";
				TEST_HOST = "$(BUILT_PRODUCTS_DIR)/ios7-v11-Tableview.app/ios7-v11-Tableview";
			};
			name = Release;
		};
/* End XCBuildConfiguration section */

/* Begin XCConfigurationList section */
		EA3193391A6602870049DD11 /* Build configuration list for PBXProject "ios7-v11-Tableview" */ = {
			isa = XCConfigurationList;
			buildConfigurations = (
				EA31935F1A6602870049DD11 /* Debug */,
				EA3193601A6602870049DD11 /* Release */,
			);
			defaultConfigurationIsVisible = 0;
			defaultConfigurationName = Release;
		};
		EA3193611A6602870049DD11 /* Build configuration list for PBXNativeTarget "ios7-v11-Tableview" */ = {
			isa = XCConfigurationList;
			buildConfigurations = (
				EA3193621A6602870049DD11 /* Debug */,
				EA3193631A6602870049DD11 /* Release */,
			);
			defaultConfigurationIsVisible = 0;
			defaultConfigurationName = Release;
		};
		EA3193641A6602870049DD11 /* Build configuration list for PBXNativeTarget "ios7-v11-TableviewTests" */ = {
			isa = XCConfigurationList;
			buildConfigurations = (
				EA3193651A6602870049DD11 /* Debug */,
				EA3193661A6602870049DD11 /* Release */,
			);
			defaultConfigurationIsVisible = 0;
			defaultConfigurationName = Release;
		};
/* End XCConfigurationList section */
	};
	rootObject = EA3193361A6602870049DD11 /* Project object */;
}
